
Microsoft Visual Studio Solution File, Format Version 12.00
# Visual Studio Version 17
VisualStudioVersion = 17.4.33403.182
MinimumVisualStudioVersion = 10.0.40219.1
Project("{FAE04EC0-301F-11D3-BF4B-00C04F79EFBC}") = "VariablesAssignment", "VariablesAssignment\VariablesAssignment.csproj", "{83942332-23B2-43C3-8789-F496CBE43201}"
EndProject
Global
	GlobalSection(SolutionConfigurationPlatforms) = preSolution
		Debug|Any CPU = Debug|Any CPU
		Release|Any CPU = Release|Any CPU
	EndGlobalSection
	GlobalSection(ProjectConfigurationPlatforms) = postSolution
		{83942332-23B2-43C3-8789-F496CBE43201}.Debug|Any CPU.ActiveCfg = Debug|Any CPU
		{83942332-23B2-43C3-8789-F496CBE43201}.Debug|Any CPU.Build.0 = Debug|Any CPU
		{83942332-23B2-43C3-8789-F496CBE43201}.Release|Any CPU.ActiveCfg = Release|Any CPU
		{83942332-23B2-43C3-8789-F496CBE43201}.Release|Any CPU.Build.0 = Release|Any CPU
	EndGlobalSection
	GlobalSection(SolutionProperties) = preSolution
		HideSolutionNode = FALSE
	EndGlobalSection
	GlobalSection(ExtensibilityGlobals) = postSolution
		SolutionGuid = {E7243995-3497-425B-80CA-D7D2626BDC9D}
	EndGlobalSection
EndGlobal
